%{
  "bunt": {:hex, :bunt, "1.0.0", "081c2c665f086849e6d57900292b3a161727ab40431219529f13c4ddcf3e7a44", [:mix], [], "hexpm", "dc5f86aa08a5f6fa6b8096f0735c4e76d54ae5c9fa2c143e5a1fc7c1cd9bb6b5"},
  "castore": {:hex, :castore, "1.0.8", "dedcf20ea746694647f883590b82d9e96014057aff1d44d03ec90f36a5c0dc6e", [:mix], [], "hexpm", "0b2b66d2ee742cb1d9cb8c8be3b43c3a70ee8651f37b75a8b982e036752983f1"},
  "credo": {:hex, :credo, "1.7.7", "771445037228f763f9b2afd612b6aa2fd8e28432a95dbbc60d8e03ce71ba4446", [:mix], [{:bunt, "~> 0.2.1 or ~> 1.0", [hex: :bunt, repo: "hexpm", optional: false]}, {:file_system, "~> 0.2 or ~> 1.0", [hex: :file_system, repo: "hexpm", optional: false]}, {:jason, "~> 1.0", [hex: :jason, repo: "hexpm", optional: false]}], "hexpm", "8bc87496c9aaacdc3f90f01b7b0582467b69b4bd2441fe8aae3109d843cc2f2e"},
  "db_connection": {:hex, :db_connection, "2.7.0", "b99faa9291bb09892c7da373bb82cba59aefa9b36300f6145c5f201c7adf48ec", [:mix], [{:telemetry, "~> 0.4 or ~> 1.0", [hex: :telemetry, repo: "hexpm", optional: false]}], "hexpm", "dcf08f31b2701f857dfc787fbad78223d61a32204f217f15e881dd93e4bdd3ff"},
  "decimal": {:hex, :decimal, "2.1.1", "5611dca5d4b2c3dd497dec8f68751f1f1a54755e8ed2a966c2633cf885973ad6", [:mix], [], "hexpm", "53cfe5f497ed0e7771ae1a475575603d77425099ba5faef9394932b35020ffcc"},
  "dialyxir": {:hex, :dialyxir, "1.4.3", "edd0124f358f0b9e95bfe53a9fcf806d615d8f838e2202a9f430d59566b6b53b", [:mix], [{:erlex, ">= 0.2.6", [hex: :erlex, repo: "hexpm", optional: false]}], "hexpm", "bf2cfb75cd5c5006bec30141b131663299c661a864ec7fbbc72dfa557487a986"},
  "earmark_parser": {:hex, :earmark_parser, "1.4.41", "ab34711c9dc6212dda44fcd20ecb87ac3f3fce6f0ca2f28d4a00e4154f8cd599", [:mix], [], "hexpm", "a81a04c7e34b6617c2792e291b5a2e57ab316365c2644ddc553bb9ed863ebefa"},
  "ecto": {:hex, :ecto, "3.11.2", "e1d26be989db350a633667c5cda9c3d115ae779b66da567c68c80cfb26a8c9ee", [:mix], [{:decimal, "~> 2.0", [hex: :decimal, repo: "hexpm", optional: false]}, {:jason, "~> 1.0", [hex: :jason, repo: "hexpm", optional: true]}, {:telemetry, "~> 0.4 or ~> 1.0", [hex: :telemetry, repo: "hexpm", optional: false]}], "hexpm", "3c38bca2c6f8d8023f2145326cc8a80100c3ffe4dcbd9842ff867f7fc6156c65"},
  "ecto_sql": {:hex, :ecto_sql, "3.11.3", "4eb7348ff8101fbc4e6bbc5a4404a24fecbe73a3372d16569526b0cf34ebc195", [:mix], [{:db_connection, "~> 2.4.1 or ~> 2.5", [hex: :db_connection, repo: "hexpm", optional: false]}, {:ecto, "~> 3.11.0", [hex: :ecto, repo: "hexpm", optional: false]}, {:myxql, "~> 0.6", [hex: :myxql, repo: "hexpm", optional: true]}, {:postgrex, "~> 0.16 or ~> 1.0", [hex: :postgrex, repo: "hexpm", optional: true]}, {:tds, "~> 2.1.1 or ~> 2.2", [hex: :tds, repo: "hexpm", optional: true]}, {:telemetry, "~> 0.4.0 or ~> 1.0", [hex: :telemetry, repo: "hexpm", optional: false]}], "hexpm", "e5f36e3d736b99c7fee3e631333b8394ade4bafe9d96d35669fca2d81c2be928"},
  "erlex": {:hex, :erlex, "0.2.7", "810e8725f96ab74d17aac676e748627a07bc87eb950d2b83acd29dc047a30595", [:mix], [], "hexpm", "3ed95f79d1a844c3f6bf0cea61e0d5612a42ce56da9c03f01df538685365efb0"},
  "esbuild": {:hex, :esbuild, "0.8.1", "0cbf919f0eccb136d2eeef0df49c4acf55336de864e63594adcea3814f3edf41", [:mix], [{:castore, ">= 0.0.0", [hex: :castore, repo: "hexpm", optional: false]}, {:jason, "~> 1.4", [hex: :jason, repo: "hexpm", optional: false]}], "hexpm", "25fc876a67c13cb0a776e7b5d7974851556baeda2085296c14ab48555ea7560f"},
  "ex_doc": {:hex, :ex_doc, "0.34.2", "13eedf3844ccdce25cfd837b99bea9ad92c4e511233199440488d217c92571e8", [:mix], [{:earmark_parser, "~> 1.4.39", [hex: :earmark_parser, repo: "hexpm", optional: false]}, {:makeup_c, ">= 0.1.0", [hex: :makeup_c, repo: "hexpm", optional: true]}, {:makeup_elixir, "~> 0.14 or ~> 1.0", [hex: :makeup_elixir, repo: "hexpm", optional: false]}, {:makeup_erlang, "~> 0.1 or ~> 1.0", [hex: :makeup_erlang, repo: "hexpm", optional: false]}, {:makeup_html, ">= 0.1.0", [hex: :makeup_html, repo: "hexpm", optional: true]}], "hexpm", "5ce5f16b41208a50106afed3de6a2ed34f4acfd65715b82a0b84b49d995f95c1"},
  "expo": {:hex, :expo, "0.4.1", "1c61d18a5df197dfda38861673d392e642649a9cef7694d2f97a587b2cfb319b", [:mix], [], "hexpm", "2ff7ba7a798c8c543c12550fa0e2cbc81b95d4974c65855d8d15ba7b37a1ce47"},
  "file_system": {:hex, :file_system, "1.0.0", "b689cc7dcee665f774de94b5a832e578bd7963c8e637ef940cd44327db7de2cd", [:mix], [], "hexpm", "6752092d66aec5a10e662aefeed8ddb9531d79db0bc145bb8c40325ca1d8536d"},
  "gettext": {:git, "https://github.com/ravensiris/gettext.git", "030ad843e38eaa935062997c2313709e04ecfafc", [branch: "runtime-gettext"]},
  "jason": {:hex, :jason, "1.4.3", "d3f984eeb96fe53b85d20e0b049f03e57d075b5acda3ac8d465c969a2536c17b", [:mix], [{:decimal, "~> 1.0 or ~> 2.0", [hex: :decimal, repo: "hexpm", optional: true]}], "hexpm", "9a90e868927f7c777689baa16d86f4d0e086d968db5c05d917ccff6d443e58a3"},
  "makeup": {:hex, :makeup, "1.1.2", "9ba8837913bdf757787e71c1581c21f9d2455f4dd04cfca785c70bbfff1a76a3", [:mix], [{:nimble_parsec, "~> 1.2.2 or ~> 1.3", [hex: :nimble_parsec, repo: "hexpm", optional: false]}], "hexpm", "cce1566b81fbcbd21eca8ffe808f33b221f9eee2cbc7a1706fc3da9ff18e6cac"},
  "makeup_elixir": {:hex, :makeup_elixir, "0.16.2", "627e84b8e8bf22e60a2579dad15067c755531fea049ae26ef1020cad58fe9578", [:mix], [{:makeup, "~> 1.0", [hex: :makeup, repo: "hexpm", optional: false]}, {:nimble_parsec, "~> 1.2.3 or ~> 1.3", [hex: :nimble_parsec, repo: "hexpm", optional: false]}], "hexpm", "41193978704763f6bbe6cc2758b84909e62984c7752b3784bd3c218bb341706b"},
  "makeup_erlang": {:hex, :makeup_erlang, "1.0.0", "6f0eff9c9c489f26b69b61440bf1b238d95badae49adac77973cbacae87e3c2e", [:mix], [{:makeup, "~> 1.0", [hex: :makeup, repo: "hexpm", optional: false]}], "hexpm", "ea7a9307de9d1548d2a72d299058d1fd2339e3d398560a0e46c27dab4891e4d2"},
  "mime": {:hex, :mime, "2.0.6", "8f18486773d9b15f95f4f4f1e39b710045fa1de891fada4516559967276e4dc2", [:mix], [], "hexpm", "c9945363a6b26d747389aac3643f8e0e09d30499a138ad64fe8fd1d13d9b153e"},
  "mix_audit": {:hex, :mix_audit, "2.1.3", "c70983d5cab5dca923f9a6efe559abfb4ec3f8e87762f02bab00fa4106d17eda", [:make, :mix], [{:jason, "~> 1.1", [hex: :jason, repo: "hexpm", optional: false]}, {:yaml_elixir, "~> 2.9", [hex: :yaml_elixir, repo: "hexpm", optional: false]}], "hexpm", "8c3987100b23099aea2f2df0af4d296701efd031affb08d0746b2be9e35988ec"},
  "nebulex": {:hex, :nebulex, "2.6.2", "0874989db4e382362884662d2ee9f31b4c4862595f4ec300bd279068729dd2d0", [:mix], [{:decorator, "~> 1.4", [hex: :decorator, repo: "hexpm", optional: true]}, {:shards, "~> 1.1", [hex: :shards, repo: "hexpm", optional: true]}, {:telemetry, "~> 0.4 or ~> 1.0", [hex: :telemetry, repo: "hexpm", optional: true]}], "hexpm", "002a1774d5a187eb631ae4006db13df4bb6b325fe2a3c14cb14a1f3e989042b4"},
  "nimble_parsec": {:hex, :nimble_parsec, "1.4.0", "51f9b613ea62cfa97b25ccc2c1b4216e81df970acd8e16e8d1bdc58fef21370d", [:mix], [], "hexpm", "9c565862810fb383e9838c1dd2d7d2c437b3d13b267414ba6af33e50d2d1cf28"},
  "phoenix": {:hex, :phoenix, "1.7.14", "a7d0b3f1bc95987044ddada111e77bd7f75646a08518942c72a8440278ae7825", [:mix], [{:castore, ">= 0.0.0", [hex: :castore, repo: "hexpm", optional: false]}, {:jason, "~> 1.0", [hex: :jason, repo: "hexpm", optional: true]}, {:phoenix_pubsub, "~> 2.1", [hex: :phoenix_pubsub, repo: "hexpm", optional: false]}, {:phoenix_template, "~> 1.0", [hex: :phoenix_template, repo: "hexpm", optional: false]}, {:phoenix_view, "~> 2.0", [hex: :phoenix_view, repo: "hexpm", optional: true]}, {:plug, "~> 1.14", [hex: :plug, repo: "hexpm", optional: false]}, {:plug_cowboy, "~> 2.7", [hex: :plug_cowboy, repo: "hexpm", optional: true]}, {:plug_crypto, "~> 1.2 or ~> 2.0", [hex: :plug_crypto, repo: "hexpm", optional: false]}, {:telemetry, "~> 0.4 or ~> 1.0", [hex: :telemetry, repo: "hexpm", optional: false]}, {:websock_adapter, "~> 0.5.3", [hex: :websock_adapter, repo: "hexpm", optional: false]}], "hexpm", "c7859bc56cc5dfef19ecfc240775dae358cbaa530231118a9e014df392ace61a"},
  "phoenix_html": {:hex, :phoenix_html, "4.1.1", "4c064fd3873d12ebb1388425a8f2a19348cef56e7289e1998e2d2fa758aa982e", [:mix], [], "hexpm", "f2f2df5a72bc9a2f510b21497fd7d2b86d932ec0598f0210fed4114adc546c6f"},
  "phoenix_html_helpers": {:hex, :phoenix_html_helpers, "1.0.1", "7eed85c52eff80a179391036931791ee5d2f713d76a81d0d2c6ebafe1e11e5ec", [:mix], [{:phoenix_html, "~> 4.0", [hex: :phoenix_html, repo: "hexpm", optional: false]}, {:plug, "~> 1.5", [hex: :plug, repo: "hexpm", optional: true]}], "hexpm", "cffd2385d1fa4f78b04432df69ab8da63dc5cf63e07b713a4dcf36a3740e3090"},
  "phoenix_live_view": {:hex, :phoenix_live_view, "0.20.17", "f396bbdaf4ba227b82251eb75ac0afa6b3da5e509bc0d030206374237dfc9450", [:mix], [{:floki, "~> 0.36", [hex: :floki, repo: "hexpm", optional: true]}, {:jason, "~> 1.0", [hex: :jason, repo: "hexpm", optional: true]}, {:phoenix, "~> 1.6.15 or ~> 1.7.0", [hex: :phoenix, repo: "hexpm", optional: false]}, {:phoenix_html, "~> 3.3 or ~> 4.0", [hex: :phoenix_html, repo: "hexpm", optional: false]}, {:phoenix_template, "~> 1.0", [hex: :phoenix_template, repo: "hexpm", optional: false]}, {:phoenix_view, "~> 2.0", [hex: :phoenix_view, repo: "hexpm", optional: true]}, {:plug, "~> 1.15", [hex: :plug, repo: "hexpm", optional: false]}, {:telemetry, "~> 0.4.2 or ~> 1.0", [hex: :telemetry, repo: "hexpm", optional: false]}], "hexpm", "a61d741ffb78c85fdbca0de084da6a48f8ceb5261a79165b5a0b59e5f65ce98b"},
  "phoenix_pubsub": {:hex, :phoenix_pubsub, "2.1.3", "3168d78ba41835aecad272d5e8cd51aa87a7ac9eb836eabc42f6e57538e3731d", [:mix], [], "hexpm", "bba06bc1dcfd8cb086759f0edc94a8ba2bc8896d5331a1e2c2902bf8e36ee502"},
  "phoenix_template": {:hex, :phoenix_template, "1.0.4", "e2092c132f3b5e5b2d49c96695342eb36d0ed514c5b252a77048d5969330d639", [:mix], [{:phoenix_html, "~> 2.14.2 or ~> 3.0 or ~> 4.0", [hex: :phoenix_html, repo: "hexpm", optional: true]}], "hexpm", "2c0c81f0e5c6753faf5cca2f229c9709919aba34fab866d3bc05060c9c444206"},
  "phoenix_view": {:hex, :phoenix_view, "2.0.4", "b45c9d9cf15b3a1af5fb555c674b525391b6a1fe975f040fb4d913397b31abf4", [:mix], [{:phoenix_html, "~> 2.14.2 or ~> 3.0 or ~> 4.0", [hex: :phoenix_html, repo: "hexpm", optional: true]}, {:phoenix_template, "~> 1.0", [hex: :phoenix_template, repo: "hexpm", optional: false]}], "hexpm", "4e992022ce14f31fe57335db27a28154afcc94e9983266835bb3040243eb620b"},
  "plug": {:hex, :plug, "1.16.1", "40c74619c12f82736d2214557dedec2e9762029b2438d6d175c5074c933edc9d", [:mix], [{:mime, "~> 1.0 or ~> 2.0", [hex: :mime, repo: "hexpm", optional: false]}, {:plug_crypto, "~> 1.1.1 or ~> 1.2 or ~> 2.0", [hex: :plug_crypto, repo: "hexpm", optional: false]}, {:telemetry, "~> 0.4.3 or ~> 1.0", [hex: :telemetry, repo: "hexpm", optional: false]}], "hexpm", "a13ff6b9006b03d7e33874945b2755253841b238c34071ed85b0e86057f8cddc"},
  "plug_crypto": {:hex, :plug_crypto, "2.1.0", "f44309c2b06d249c27c8d3f65cfe08158ade08418cf540fd4f72d4d6863abb7b", [:mix], [], "hexpm", "131216a4b030b8f8ce0f26038bc4421ae60e4bb95c5cf5395e1421437824c4fa"},
  "scrivener": {:hex, :scrivener, "2.7.2", "1d913c965ec352650a7f864ad7fd8d80462f76a32f33d57d1e48bc5e9d40aba2", [:mix], [], "hexpm", "7866a0ec4d40274efbee1db8bead13a995ea4926ecd8203345af8f90d2b620d9"},
  "scrivener_ecto": {:hex, :scrivener_ecto, "2.7.0", "cf64b8cb8a96cd131cdbcecf64e7fd395e21aaa1cb0236c42a7c2e34b0dca580", [:mix], [{:ecto, "~> 3.3", [hex: :ecto, repo: "hexpm", optional: false]}, {:scrivener, "~> 2.4", [hex: :scrivener, repo: "hexpm", optional: false]}], "hexpm", "e809f171687806b0031129034352f5ae44849720c48dd839200adeaf0ac3e260"},
  "shards": {:hex, :shards, "1.1.1", "8b42323457d185b26b15d05187784ce6c5d1e181b35c46fca36c45f661defe02", [:make, :rebar3], [], "hexpm", "169a045dae6668cda15fbf86d31bf433d0dbbaec42c8c23ca4f8f2d405ea8eda"},
  "tailwind": {:hex, :tailwind, "0.2.3", "277f08145d407de49650d0a4685dc062174bdd1ae7731c5f1da86163a24dfcdb", [:mix], [{:castore, ">= 0.0.0", [hex: :castore, repo: "hexpm", optional: false]}], "hexpm", "8e45e7a34a676a7747d04f7913a96c770c85e6be810a1d7f91e713d3a3655b5d"},
  "telemetry": {:hex, :telemetry, "1.2.1", "68fdfe8d8f05a8428483a97d7aab2f268aaff24b49e0f599faa091f1d4e7f61c", [:rebar3], [], "hexpm", "dad9ce9d8effc621708f99eac538ef1cbe05d6a874dd741de2e689c47feafed5"},
  "uri_query": {:hex, :uri_query, "0.1.2", "ae35b83b472f3568c2c159eee3f3ccf585375d8a94fb5382db1ea3589e75c3b4", [:mix], [], "hexpm", "e3bc81816c98502c36498b9b2f239b89c71ce5eadfff7ceb2d6c0a2e6ae2ea0c"},
  "websock": {:hex, :websock, "0.5.3", "2f69a6ebe810328555b6fe5c831a851f485e303a7c8ce6c5f675abeb20ebdadc", [:mix], [], "hexpm", "6105453d7fac22c712ad66fab1d45abdf049868f253cf719b625151460b8b453"},
  "websock_adapter": {:hex, :websock_adapter, "0.5.6", "0437fe56e093fd4ac422de33bf8fc89f7bc1416a3f2d732d8b2c8fd54792fe60", [:mix], [{:bandit, ">= 0.6.0", [hex: :bandit, repo: "hexpm", optional: true]}, {:plug, "~> 1.14", [hex: :plug, repo: "hexpm", optional: false]}, {:plug_cowboy, "~> 2.6", [hex: :plug_cowboy, repo: "hexpm", optional: true]}, {:websock, "~> 0.5", [hex: :websock, repo: "hexpm", optional: false]}], "hexpm", "e04378d26b0af627817ae84c92083b7e97aca3121196679b73c73b99d0d133ea"},
  "yamerl": {:hex, :yamerl, "0.10.0", "4ff81fee2f1f6a46f1700c0d880b24d193ddb74bd14ef42cb0bcf46e81ef2f8e", [:rebar3], [], "hexpm", "346adb2963f1051dc837a2364e4acf6eb7d80097c0f53cbdc3046ec8ec4b4e6e"},
  "yaml_elixir": {:hex, :yaml_elixir, "2.11.0", "9e9ccd134e861c66b84825a3542a1c22ba33f338d82c07282f4f1f52d847bd50", [:mix], [{:yamerl, "~> 0.10", [hex: :yamerl, repo: "hexpm", optional: false]}], "hexpm", "53cc28357ee7eb952344995787f4bb8cc3cecbf189652236e9b163e8ce1bc242"},
}
